
Microsoft Visual Studio Solution File, Format Version 12.00
# Visual Studio Version 17
VisualStudioVersion = 17.9.34607.119
MinimumVisualStudioVersion = 10.0.40219.1
Project("{FAE04EC0-301F-11D3-BF4B-00C04F79EFBC}") = "poe part 1 cloud", "poe part 1 cloud\poe part 1 cloud.csproj", "{5F8A189F-FB99-41C2-B0DF-934C24DE5D3B}"
EndProject
Global
	GlobalSection(SolutionConfigurationPlatforms) = preSolution
		Debug|Any CPU = Debug|Any CPU
		Release|Any CPU = Release|Any CPU
	EndGlobalSection
	GlobalSection(ProjectConfigurationPlatforms) = postSolution
		{5F8A189F-FB99-41C2-B0DF-934C24DE5D3B}.Debug|Any CPU.ActiveCfg = Debug|Any CPU
		{5F8A189F-FB99-41C2-B0DF-934C24DE5D3B}.Debug|Any CPU.Build.0 = Debug|Any CPU
		{5F8A189F-FB99-41C2-B0DF-934C24DE5D3B}.Release|Any CPU.ActiveCfg = Release|Any CPU
		{5F8A189F-FB99-41C2-B0DF-934C24DE5D3B}.Release|Any CPU.Build.0 = Release|Any CPU
	EndGlobalSection
	GlobalSection(SolutionProperties) = preSolution
		HideSolutionNode = FALSE
	EndGlobalSection
	GlobalSection(ExtensibilityGlobals) = postSolution
		SolutionGuid = {DC1C40C2-58A0-4D98-B4CF-ECD3D6761F5B}
	EndGlobalSection
EndGlobal
